
Microsoft Visual Studio Solution File, Format Version 12.00
# Visual Studio Version 17
VisualStudioVersion = 17.12.35527.113
MinimumVisualStudioVersion = 10.0.40219.1
Project("{2150E333-8FDC-42A3-9474-1A3956D46DE8}") = "Bootstrapper", "Bootstrapper", "{7E532B78-E176-457C-A833-3DADD45E3E71}"
EndProject
Project("{2150E333-8FDC-42A3-9474-1A3956D46DE8}") = "Modules", "Modules", "{23D94AC2-48D2-40DC-9499-FE9CF1D1B6AD}"
EndProject
Project("{2150E333-8FDC-42A3-9474-1A3956D46DE8}") = "Shared", "Shared", "{95CFF3CB-92A0-46DD-A675-7AF3D5135170}"
EndProject
Project("{FAE04EC0-301F-11D3-BF4B-00C04F79EFBC}") = "Api", "Bootstrapper\Api\Api.csproj", "{99367A32-7D48-4E52-A981-F2649D88ECFA}"
EndProject
Project("{2150E333-8FDC-42A3-9474-1A3956D46DE8}") = "Account", "Account", "{54022977-5B37-47E3-B9C0-89D973C2B51A}"
EndProject
Project("{2150E333-8FDC-42A3-9474-1A3956D46DE8}") = "Basket", "Basket", "{5261AC51-CA1C-431E-826B-6408DC70C1AA}"
EndProject
Project("{2150E333-8FDC-42A3-9474-1A3956D46DE8}") = "Catalog", "Catalog", "{45C08024-4306-4A31-AAE4-331678D94D14}"
EndProject
Project("{2150E333-8FDC-42A3-9474-1A3956D46DE8}") = "Ordering", "Ordering", "{A523FDF4-EF86-492C-9905-D5AFB0840882}"
EndProject
Project("{FAE04EC0-301F-11D3-BF4B-00C04F79EFBC}") = "Catalog", "Modules\Catalog\Catalog\Catalog.csproj", "{EB680C22-D13D-4A2F-95BB-23C815783EA1}"
EndProject
Project("{FAE04EC0-301F-11D3-BF4B-00C04F79EFBC}") = "Basket", "Modules\Basket\Basket\Basket.csproj", "{BC832A2A-0341-4298-BC8B-5A96BDC5126F}"
EndProject
Project("{FAE04EC0-301F-11D3-BF4B-00C04F79EFBC}") = "Ordering", "Modules\Ordering\Ordering\Ordering.csproj", "{61D3D541-AD47-4993-89FF-92A8CBCA5DE7}"
EndProject
Project("{FAE04EC0-301F-11D3-BF4B-00C04F79EFBC}") = "Account", "Modules\Account\Account\Account.csproj", "{4154CD84-0D84-4B12-891A-734D791AC416}"
EndProject
Project("{FAE04EC0-301F-11D3-BF4B-00C04F79EFBC}") = "Shared", "Shared\Shared\Shared.csproj", "{A5336F44-A7E3-4C74-9AD8-09CDB9FC41CE}"
EndProject
Project("{2150E333-8FDC-42A3-9474-1A3956D46DE8}") = "Receivables", "Receivables", "{E076073A-0D97-4BE9-9EB7-0E40DD28E517}"
EndProject
Project("{FAE04EC0-301F-11D3-BF4B-00C04F79EFBC}") = "Receivables", "Modules\Receivables\Receivables\Receivables.csproj", "{2648CA0D-9734-49D8-B2C4-482ED87288B5}"
EndProject
Project("{E53339B2-1760-4266-BCC7-CA923CBCF16C}") = "docker-compose", "docker-compose.dcproj", "{6A6C213A-3BC0-480E-BA23-703145B95D05}"
EndProject
Project("{FAE04EC0-301F-11D3-BF4B-00C04F79EFBC}") = "Catalog.Contracts", "Modules\Catalog\Catalog.Contracts\Catalog.Contracts.csproj", "{8D5B68FB-DD5B-4B8B-9EC0-83784E09F63E}"
EndProject
Project("{FAE04EC0-301F-11D3-BF4B-00C04F79EFBC}") = "Shared.Contracts", "Shared\Shared.Contracts\Shared.Contracts.csproj", "{DF6266C3-EFA1-498D-85A4-F55C4E0CFE19}"
EndProject
Global
	GlobalSection(SolutionConfigurationPlatforms) = preSolution
		Debug|Any CPU = Debug|Any CPU
		Release|Any CPU = Release|Any CPU
	EndGlobalSection
	GlobalSection(ProjectConfigurationPlatforms) = postSolution
		{99367A32-7D48-4E52-A981-F2649D88ECFA}.Debug|Any CPU.ActiveCfg = Debug|Any CPU
		{99367A32-7D48-4E52-A981-F2649D88ECFA}.Debug|Any CPU.Build.0 = Debug|Any CPU
		{99367A32-7D48-4E52-A981-F2649D88ECFA}.Release|Any CPU.ActiveCfg = Release|Any CPU
		{99367A32-7D48-4E52-A981-F2649D88ECFA}.Release|Any CPU.Build.0 = Release|Any CPU
		{EB680C22-D13D-4A2F-95BB-23C815783EA1}.Debug|Any CPU.ActiveCfg = Debug|Any CPU
		{EB680C22-D13D-4A2F-95BB-23C815783EA1}.Debug|Any CPU.Build.0 = Debug|Any CPU
		{EB680C22-D13D-4A2F-95BB-23C815783EA1}.Release|Any CPU.ActiveCfg = Release|Any CPU
		{EB680C22-D13D-4A2F-95BB-23C815783EA1}.Release|Any CPU.Build.0 = Release|Any CPU
		{BC832A2A-0341-4298-BC8B-5A96BDC5126F}.Debug|Any CPU.ActiveCfg = Debug|Any CPU
		{BC832A2A-0341-4298-BC8B-5A96BDC5126F}.Debug|Any CPU.Build.0 = Debug|Any CPU
		{BC832A2A-0341-4298-BC8B-5A96BDC5126F}.Release|Any CPU.ActiveCfg = Release|Any CPU
		{BC832A2A-0341-4298-BC8B-5A96BDC5126F}.Release|Any CPU.Build.0 = Release|Any CPU
		{61D3D541-AD47-4993-89FF-92A8CBCA5DE7}.Debug|Any CPU.ActiveCfg = Debug|Any CPU
		{61D3D541-AD47-4993-89FF-92A8CBCA5DE7}.Debug|Any CPU.Build.0 = Debug|Any CPU
		{61D3D541-AD47-4993-89FF-92A8CBCA5DE7}.Release|Any CPU.ActiveCfg = Release|Any CPU
		{61D3D541-AD47-4993-89FF-92A8CBCA5DE7}.Release|Any CPU.Build.0 = Release|Any CPU
		{4154CD84-0D84-4B12-891A-734D791AC416}.Debug|Any CPU.ActiveCfg = Debug|Any CPU
		{4154CD84-0D84-4B12-891A-734D791AC416}.Debug|Any CPU.Build.0 = Debug|Any CPU
		{4154CD84-0D84-4B12-891A-734D791AC416}.Release|Any CPU.ActiveCfg = Release|Any CPU
		{4154CD84-0D84-4B12-891A-734D791AC416}.Release|Any CPU.Build.0 = Release|Any CPU
		{A5336F44-A7E3-4C74-9AD8-09CDB9FC41CE}.Debug|Any CPU.ActiveCfg = Debug|Any CPU
		{A5336F44-A7E3-4C74-9AD8-09CDB9FC41CE}.Debug|Any CPU.Build.0 = Debug|Any CPU
		{A5336F44-A7E3-4C74-9AD8-09CDB9FC41CE}.Release|Any CPU.ActiveCfg = Release|Any CPU
		{A5336F44-A7E3-4C74-9AD8-09CDB9FC41CE}.Release|Any CPU.Build.0 = Release|Any CPU
		{2648CA0D-9734-49D8-B2C4-482ED87288B5}.Debug|Any CPU.ActiveCfg = Debug|Any CPU
		{2648CA0D-9734-49D8-B2C4-482ED87288B5}.Debug|Any CPU.Build.0 = Debug|Any CPU
		{2648CA0D-9734-49D8-B2C4-482ED87288B5}.Release|Any CPU.ActiveCfg = Release|Any CPU
		{2648CA0D-9734-49D8-B2C4-482ED87288B5}.Release|Any CPU.Build.0 = Release|Any CPU
		{6A6C213A-3BC0-480E-BA23-703145B95D05}.Debug|Any CPU.ActiveCfg = Debug|Any CPU
		{6A6C213A-3BC0-480E-BA23-703145B95D05}.Debug|Any CPU.Build.0 = Debug|Any CPU
		{6A6C213A-3BC0-480E-BA23-703145B95D05}.Release|Any CPU.ActiveCfg = Release|Any CPU
		{6A6C213A-3BC0-480E-BA23-703145B95D05}.Release|Any CPU.Build.0 = Release|Any CPU
		{8D5B68FB-DD5B-4B8B-9EC0-83784E09F63E}.Debug|Any CPU.ActiveCfg = Debug|Any CPU
		{8D5B68FB-DD5B-4B8B-9EC0-83784E09F63E}.Debug|Any CPU.Build.0 = Debug|Any CPU
		{8D5B68FB-DD5B-4B8B-9EC0-83784E09F63E}.Release|Any CPU.ActiveCfg = Release|Any CPU
		{8D5B68FB-DD5B-4B8B-9EC0-83784E09F63E}.Release|Any CPU.Build.0 = Release|Any CPU
		{DF6266C3-EFA1-498D-85A4-F55C4E0CFE19}.Debug|Any CPU.ActiveCfg = Debug|Any CPU
		{DF6266C3-EFA1-498D-85A4-F55C4E0CFE19}.Debug|Any CPU.Build.0 = Debug|Any CPU
		{DF6266C3-EFA1-498D-85A4-F55C4E0CFE19}.Release|Any CPU.ActiveCfg = Release|Any CPU
		{DF6266C3-EFA1-498D-85A4-F55C4E0CFE19}.Release|Any CPU.Build.0 = Release|Any CPU
	EndGlobalSection
	GlobalSection(SolutionProperties) = preSolution
		HideSolutionNode = FALSE
	EndGlobalSection
	GlobalSection(NestedProjects) = preSolution
		{99367A32-7D48-4E52-A981-F2649D88ECFA} = {7E532B78-E176-457C-A833-3DADD45E3E71}
		{54022977-5B37-47E3-B9C0-89D973C2B51A} = {23D94AC2-48D2-40DC-9499-FE9CF1D1B6AD}
		{5261AC51-CA1C-431E-826B-6408DC70C1AA} = {23D94AC2-48D2-40DC-9499-FE9CF1D1B6AD}
		{45C08024-4306-4A31-AAE4-331678D94D14} = {23D94AC2-48D2-40DC-9499-FE9CF1D1B6AD}
		{A523FDF4-EF86-492C-9905-D5AFB0840882} = {23D94AC2-48D2-40DC-9499-FE9CF1D1B6AD}
		{EB680C22-D13D-4A2F-95BB-23C815783EA1} = {45C08024-4306-4A31-AAE4-331678D94D14}
		{BC832A2A-0341-4298-BC8B-5A96BDC5126F} = {5261AC51-CA1C-431E-826B-6408DC70C1AA}
		{61D3D541-AD47-4993-89FF-92A8CBCA5DE7} = {A523FDF4-EF86-492C-9905-D5AFB0840882}
		{4154CD84-0D84-4B12-891A-734D791AC416} = {54022977-5B37-47E3-B9C0-89D973C2B51A}
		{A5336F44-A7E3-4C74-9AD8-09CDB9FC41CE} = {95CFF3CB-92A0-46DD-A675-7AF3D5135170}
		{E076073A-0D97-4BE9-9EB7-0E40DD28E517} = {23D94AC2-48D2-40DC-9499-FE9CF1D1B6AD}
		{2648CA0D-9734-49D8-B2C4-482ED87288B5} = {E076073A-0D97-4BE9-9EB7-0E40DD28E517}
		{8D5B68FB-DD5B-4B8B-9EC0-83784E09F63E} = {45C08024-4306-4A31-AAE4-331678D94D14}
		{DF6266C3-EFA1-498D-85A4-F55C4E0CFE19} = {95CFF3CB-92A0-46DD-A675-7AF3D5135170}
	EndGlobalSection
EndGlobal
